
Microsoft Visual Studio Solution File, Format Version 12.00
# Visual Studio Version 16
VisualStudioVersion = 16.0.28803.352
MinimumVisualStudioVersion = 10.0.40219.1
Project("{FAE04EC0-301F-11D3-BF4B-00C04F79EFBC}") = "GenerateToolbox", "GenerateToolbox\GenerateToolbox.csproj", "{467370DC-4B81-4615-B647-DF823AE7C080}"
EndProject
Project("{FAE04EC0-301F-11D3-BF4B-00C04F79EFBC}") = "Xu.Common", "Xu.Common\Xu.Common.csproj", "{12F7624E-2161-4FAA-8E3C-BB50006F0B7E}"
EndProject
Global
	GlobalSection(SolutionConfigurationPlatforms) = preSolution
		Debug|Any CPU = Debug|Any CPU
		Release|Any CPU = Release|Any CPU
	EndGlobalSection
	GlobalSection(ProjectConfigurationPlatforms) = postSolution
		{467370DC-4B81-4615-B647-DF823AE7C080}.Debug|Any CPU.ActiveCfg = Debug|Any CPU
		{467370DC-4B81-4615-B647-DF823AE7C080}.Debug|Any CPU.Build.0 = Debug|Any CPU
		{467370DC-4B81-4615-B647-DF823AE7C080}.Release|Any CPU.ActiveCfg = Release|Any CPU
		{467370DC-4B81-4615-B647-DF823AE7C080}.Release|Any CPU.Build.0 = Release|Any CPU
		{12F7624E-2161-4FAA-8E3C-BB50006F0B7E}.Debug|Any CPU.ActiveCfg = Debug|Any CPU
		{12F7624E-2161-4FAA-8E3C-BB50006F0B7E}.Debug|Any CPU.Build.0 = Debug|Any CPU
		{12F7624E-2161-4FAA-8E3C-BB50006F0B7E}.Release|Any CPU.ActiveCfg = Release|Any CPU
		{12F7624E-2161-4FAA-8E3C-BB50006F0B7E}.Release|Any CPU.Build.0 = Release|Any CPU
	EndGlobalSection
	GlobalSection(SolutionProperties) = preSolution
		HideSolutionNode = FALSE
	EndGlobalSection
	GlobalSection(ExtensibilityGlobals) = postSolution
		SolutionGuid = {0F180CD0-82CF-40B1-85F9-725529A46372}
	EndGlobalSection
EndGlobal
